
Microsoft Visual Studio Solution File, Format Version 12.00
# Visual Studio Version 17
VisualStudioVersion = 17.0.32112.339
MinimumVisualStudioVersion = 10.0.40219.1
Project("{8BC9CEB8-8B4A-11D0-8D11-00A0C91BC942}") = "LearnOpenGl", "LearnOpenGl.vcxproj", "{10CE5578-BC9A-41B9-AD75-C2E951B5CE6E}"
EndProject
Global
	GlobalSection(SolutionConfigurationPlatforms) = preSolution
		Debug|x64 = Debug|x64
		Debug|x86 = Debug|x86
		Release|x64 = Release|x64
		Release|x86 = Release|x86
	EndGlobalSection
	GlobalSection(ProjectConfigurationPlatforms) = postSolution
		{10CE5578-BC9A-41B9-AD75-C2E951B5CE6E}.Debug|x64.ActiveCfg = Debug|x64
		{10CE5578-BC9A-41B9-AD75-C2E951B5CE6E}.Debug|x64.Build.0 = Debug|x64
		{10CE5578-BC9A-41B9-AD75-C2E951B5CE6E}.Debug|x86.ActiveCfg = Debug|Win32
		{10CE5578-BC9A-41B9-AD75-C2E951B5CE6E}.Debug|x86.Build.0 = Debug|Win32
		{10CE5578-BC9A-41B9-AD75-C2E951B5CE6E}.Release|x64.ActiveCfg = Release|x64
		{10CE5578-BC9A-41B9-AD75-C2E951B5CE6E}.Release|x64.Build.0 = Release|x64
		{10CE5578-BC9A-41B9-AD75-C2E951B5CE6E}.Release|x86.ActiveCfg = Release|Win32
		{10CE5578-BC9A-41B9-AD75-C2E951B5CE6E}.Release|x86.Build.0 = Release|Win32
	EndGlobalSection
	GlobalSection(SolutionProperties) = preSolution
		HideSolutionNode = FALSE
	EndGlobalSection
	GlobalSection(ExtensibilityGlobals) = postSolution
		SolutionGuid = {EBF6C8AC-2B61-4C9F-8355-BFFE18FD4B53}
	EndGlobalSection
EndGlobal
